
Microsoft Visual Studio Solution File, Format Version 12.00
# Visual Studio Version 16
VisualStudioVersion = 16.0.32002.261
MinimumVisualStudioVersion = 10.0.40219.1
Project("{FAE04EC0-301F-11D3-BF4B-00C04F79EFBC}") = "Metro", "Metro\Metro.csproj", "{4D0E569F-E0B4-481C-A170-4DA6E14902D3}"
EndProject
Global
	GlobalSection(SolutionConfigurationPlatforms) = preSolution
		Debug|Any CPU = Debug|Any CPU
		Release|Any CPU = Release|Any CPU
	EndGlobalSection
	GlobalSection(ProjectConfigurationPlatforms) = postSolution
		{4D0E569F-E0B4-481C-A170-4DA6E14902D3}.Debug|Any CPU.ActiveCfg = Debug|Any CPU
		{4D0E569F-E0B4-481C-A170-4DA6E14902D3}.Debug|Any CPU.Build.0 = Debug|Any CPU
		{4D0E569F-E0B4-481C-A170-4DA6E14902D3}.Release|Any CPU.ActiveCfg = Release|Any CPU
		{4D0E569F-E0B4-481C-A170-4DA6E14902D3}.Release|Any CPU.Build.0 = Release|Any CPU
	EndGlobalSection
	GlobalSection(SolutionProperties) = preSolution
		HideSolutionNode = FALSE
	EndGlobalSection
	GlobalSection(ExtensibilityGlobals) = postSolution
		SolutionGuid = {BEB2A23A-7363-49E7-A0C6-AE65DE110A04}
	EndGlobalSection
EndGlobal
